
Microsoft Visual Studio Solution File, Format Version 10.00
# Visual Studio 2008
Project("{FAE04EC0-301F-11D3-BF4B-00C04F79EFBC}") = "MbUnit.JavaScript", "MbUnit.JavaScript\MbUnit.JavaScript.csproj", "{CEFA82BA-9494-4457-B77F-2825B36DB4B3}"
EndProject
Project("{FAE04EC0-301F-11D3-BF4B-00C04F79EFBC}") = "MbUnit.JavaScript.Tests", "MbUnit.JavaScript.Tests\MbUnit.JavaScript.Tests.csproj", "{E348E333-254C-430F-92B3-1F6B7CFE26AE}"
EndProject
Project("{2150E333-8FDC-42A3-9474-1A3956D46DE8}") = "[References]", "[References]", "{3AA2CE58-072E-4487-A978-6E6D33803903}"
	ProjectSection(SolutionItems) = preProject
		[References]\Moq.dll = [References]\Moq.dll
		[References]\Moq.pdb = [References]\Moq.pdb
		[References]\Moq.xml = [References]\Moq.xml
		[References]\ProcessDebugManagerLib.dll = [References]\ProcessDebugManagerLib.dll
	EndProjectSection
EndProject
Project("{2150E333-8FDC-42A3-9474-1A3956D46DE8}") = "MbUnit", "MbUnit", "{7D6929B2-EBB3-4684-910A-A84C6950DC48}"
	ProjectSection(SolutionItems) = preProject
		[References]\MbUnit\MbUnit.Framework.dll = [References]\MbUnit\MbUnit.Framework.dll
		[References]\MbUnit\QuickGraph.Algorithms.dll = [References]\MbUnit\QuickGraph.Algorithms.dll
		[References]\MbUnit\QuickGraph.dll = [References]\MbUnit\QuickGraph.dll
		[References]\MbUnit\TestFu.dll = [References]\MbUnit\TestFu.dll
	EndProjectSection
EndProject
Project("{FAE04EC0-301F-11D3-BF4B-00C04F79EFBC}") = "MbUnit.JavaScript.Tasks", "MbUnit.JavaScript.Tasks\MbUnit.JavaScript.Tasks.csproj", "{749546EA-6506-4553-8C88-0B0EBE6BAE76}"
EndProject
Global
	GlobalSection(SolutionConfigurationPlatforms) = preSolution
		Debug|Any CPU = Debug|Any CPU
		Release|Any CPU = Release|Any CPU
	EndGlobalSection
	GlobalSection(ProjectConfigurationPlatforms) = postSolution
		{CEFA82BA-9494-4457-B77F-2825B36DB4B3}.Debug|Any CPU.ActiveCfg = Debug|Any CPU
		{CEFA82BA-9494-4457-B77F-2825B36DB4B3}.Debug|Any CPU.Build.0 = Debug|Any CPU
		{CEFA82BA-9494-4457-B77F-2825B36DB4B3}.Release|Any CPU.ActiveCfg = Release|Any CPU
		{CEFA82BA-9494-4457-B77F-2825B36DB4B3}.Release|Any CPU.Build.0 = Release|Any CPU
		{E348E333-254C-430F-92B3-1F6B7CFE26AE}.Debug|Any CPU.ActiveCfg = Debug|Any CPU
		{E348E333-254C-430F-92B3-1F6B7CFE26AE}.Debug|Any CPU.Build.0 = Debug|Any CPU
		{E348E333-254C-430F-92B3-1F6B7CFE26AE}.Release|Any CPU.ActiveCfg = Release|Any CPU
		{E348E333-254C-430F-92B3-1F6B7CFE26AE}.Release|Any CPU.Build.0 = Release|Any CPU
		{749546EA-6506-4553-8C88-0B0EBE6BAE76}.Debug|Any CPU.ActiveCfg = Debug|Any CPU
		{749546EA-6506-4553-8C88-0B0EBE6BAE76}.Debug|Any CPU.Build.0 = Debug|Any CPU
		{749546EA-6506-4553-8C88-0B0EBE6BAE76}.Release|Any CPU.ActiveCfg = Release|Any CPU
		{749546EA-6506-4553-8C88-0B0EBE6BAE76}.Release|Any CPU.Build.0 = Release|Any CPU
	EndGlobalSection
	GlobalSection(SolutionProperties) = preSolution
		HideSolutionNode = FALSE
	EndGlobalSection
	GlobalSection(NestedProjects) = preSolution
		{7D6929B2-EBB3-4684-910A-A84C6950DC48} = {3AA2CE58-072E-4487-A978-6E6D33803903}
	EndGlobalSection
	GlobalSection(ExtensibilityGlobals) = postSolution
		VisualSVNWorkingCopyRoot = 
	EndGlobalSection
EndGlobal
